
Microsoft Visual Studio Solution File, Format Version 12.00
# Visual Studio Version 17
VisualStudioVersion = 17.8.34330.188
MinimumVisualStudioVersion = 10.0.40219.1
Project("{888888A0-9F3D-457C-B088-3A5042F75D52}") = "HanFuHui", "HanFuHui.pyproj", "{47E262E2-79BC-473E-84FB-217B85303F78}"
EndProject
Global
	GlobalSection(SolutionConfigurationPlatforms) = preSolution
		Debug|Any CPU = Debug|Any CPU
		Release|Any CPU = Release|Any CPU
	EndGlobalSection
	GlobalSection(ProjectConfigurationPlatforms) = postSolution
		{47E262E2-79BC-473E-84FB-217B85303F78}.Debug|Any CPU.ActiveCfg = Debug|Any CPU
		{47E262E2-79BC-473E-84FB-217B85303F78}.Release|Any CPU.ActiveCfg = Release|Any CPU
	EndGlobalSection
	GlobalSection(SolutionProperties) = preSolution
		HideSolutionNode = FALSE
	EndGlobalSection
	GlobalSection(ExtensibilityGlobals) = postSolution
		SolutionGuid = {72D2C13F-40BA-42C6-9D35-399231F82FA3}
	EndGlobalSection
EndGlobal
